
Microsoft Visual Studio Solution File, Format Version 12.00
# Visual Studio Version 17
VisualStudioVersion = 17.10.35013.160
MinimumVisualStudioVersion = 10.0.40219.1
Project("{2150E333-8FDC-42A3-9474-1A3956D46DE8}") = "src", "src", "{81A4EF5C-0C67-4FEA-A1A1-FAED29F975C0}"
EndProject
Project("{9A19103F-16F7-4668-BE54-9A1E7A4F7556}") = "HealthMed.Api", "src\HealthMed.Api\HealthMed.Api.csproj", "{1A785590-79B6-4A8A-AA90-5FB22DAF4DF5}"
EndProject
Project("{9A19103F-16F7-4668-BE54-9A1E7A4F7556}") = "HealthMed.Domain", "src\HealthMed.Domain\HealthMed.Domain.csproj", "{CA5A38F4-F7B9-4AE7-AD5E-CC428F919F92}"
EndProject
Project("{9A19103F-16F7-4668-BE54-9A1E7A4F7556}") = "HealthMed.Infra", "src\HealthMed.Infra\HealthMed.Infra.csproj", "{174261FA-AA4A-4328-8302-D7BAFF69CC12}"
EndProject
Project("{2150E333-8FDC-42A3-9474-1A3956D46DE8}") = "tests", "tests", "{98F5D56E-D944-4B3F-8FA3-24708023D59C}"
EndProject
Project("{9A19103F-16F7-4668-BE54-9A1E7A4F7556}") = "HealthMed.UnitTests", "tests\HealthMed.UnitTests\HealthMed.UnitTests.csproj", "{92DE945D-481A-4465-9C37-90749A67806F}"
EndProject
Project("{9A19103F-16F7-4668-BE54-9A1E7A4F7556}") = "HealthMed.Core", "src\HealthMed.Core\HealthMed.Core.csproj", "{91DAE3AF-317D-4955-921E-905103B5AD5D}"
EndProject
Project("{9A19103F-16F7-4668-BE54-9A1E7A4F7556}") = "HealthMed.Application", "src\HealthMed.Application\HealthMed.Application.csproj", "{03B09012-F059-4559-BD8F-FF805A8CC965}"
EndProject
Project("{2150E333-8FDC-42A3-9474-1A3956D46DE8}") = "docker", "docker", "{1EC762A8-66B3-4CF4-BBDD-1F49F43FA420}"
	ProjectSection(SolutionItems) = preProject
		Dockerfile = Dockerfile
	EndProjectSection
EndProject
Project("{2150E333-8FDC-42A3-9474-1A3956D46DE8}") = "k8s", "k8s", "{C57165AD-23A4-4779-8860-07166335AA50}"
	ProjectSection(SolutionItems) = preProject
		k8s\configmap.yaml = k8s\configmap.yaml
		k8s\pv.yaml = k8s\pv.yaml
		k8s\health-service.yml = k8s\health-service.yml
		k8s\health-deployment.yaml = k8s\health-deployment.yaml
		k8s\pvc.yaml = k8s\pvc.yaml
		k8s\sqlserver-deployment.yaml = k8s\sqlserver-deployment.yaml
		k8s\sqlserver-service.yaml = k8s\sqlserver-service.yaml
	EndProjectSection
EndProject
Global
	GlobalSection(SolutionConfigurationPlatforms) = preSolution
		Debug|Any CPU = Debug|Any CPU
		Release|Any CPU = Release|Any CPU
	EndGlobalSection
	GlobalSection(ProjectConfigurationPlatforms) = postSolution
		{1A785590-79B6-4A8A-AA90-5FB22DAF4DF5}.Debug|Any CPU.ActiveCfg = Debug|Any CPU
		{1A785590-79B6-4A8A-AA90-5FB22DAF4DF5}.Debug|Any CPU.Build.0 = Debug|Any CPU
		{1A785590-79B6-4A8A-AA90-5FB22DAF4DF5}.Release|Any CPU.ActiveCfg = Release|Any CPU
		{1A785590-79B6-4A8A-AA90-5FB22DAF4DF5}.Release|Any CPU.Build.0 = Release|Any CPU
		{CA5A38F4-F7B9-4AE7-AD5E-CC428F919F92}.Debug|Any CPU.ActiveCfg = Debug|Any CPU
		{CA5A38F4-F7B9-4AE7-AD5E-CC428F919F92}.Debug|Any CPU.Build.0 = Debug|Any CPU
		{CA5A38F4-F7B9-4AE7-AD5E-CC428F919F92}.Release|Any CPU.ActiveCfg = Release|Any CPU
		{CA5A38F4-F7B9-4AE7-AD5E-CC428F919F92}.Release|Any CPU.Build.0 = Release|Any CPU
		{174261FA-AA4A-4328-8302-D7BAFF69CC12}.Debug|Any CPU.ActiveCfg = Debug|Any CPU
		{174261FA-AA4A-4328-8302-D7BAFF69CC12}.Debug|Any CPU.Build.0 = Debug|Any CPU
		{174261FA-AA4A-4328-8302-D7BAFF69CC12}.Release|Any CPU.ActiveCfg = Release|Any CPU
		{174261FA-AA4A-4328-8302-D7BAFF69CC12}.Release|Any CPU.Build.0 = Release|Any CPU
		{92DE945D-481A-4465-9C37-90749A67806F}.Debug|Any CPU.ActiveCfg = Debug|Any CPU
		{92DE945D-481A-4465-9C37-90749A67806F}.Debug|Any CPU.Build.0 = Debug|Any CPU
		{92DE945D-481A-4465-9C37-90749A67806F}.Release|Any CPU.ActiveCfg = Release|Any CPU
		{92DE945D-481A-4465-9C37-90749A67806F}.Release|Any CPU.Build.0 = Release|Any CPU
		{91DAE3AF-317D-4955-921E-905103B5AD5D}.Debug|Any CPU.ActiveCfg = Debug|Any CPU
		{91DAE3AF-317D-4955-921E-905103B5AD5D}.Debug|Any CPU.Build.0 = Debug|Any CPU
		{91DAE3AF-317D-4955-921E-905103B5AD5D}.Release|Any CPU.ActiveCfg = Release|Any CPU
		{91DAE3AF-317D-4955-921E-905103B5AD5D}.Release|Any CPU.Build.0 = Release|Any CPU
		{03B09012-F059-4559-BD8F-FF805A8CC965}.Debug|Any CPU.ActiveCfg = Debug|Any CPU
		{03B09012-F059-4559-BD8F-FF805A8CC965}.Debug|Any CPU.Build.0 = Debug|Any CPU
		{03B09012-F059-4559-BD8F-FF805A8CC965}.Release|Any CPU.ActiveCfg = Release|Any CPU
		{03B09012-F059-4559-BD8F-FF805A8CC965}.Release|Any CPU.Build.0 = Release|Any CPU
	EndGlobalSection
	GlobalSection(SolutionProperties) = preSolution
		HideSolutionNode = FALSE
	EndGlobalSection
	GlobalSection(NestedProjects) = preSolution
		{1A785590-79B6-4A8A-AA90-5FB22DAF4DF5} = {81A4EF5C-0C67-4FEA-A1A1-FAED29F975C0}
		{CA5A38F4-F7B9-4AE7-AD5E-CC428F919F92} = {81A4EF5C-0C67-4FEA-A1A1-FAED29F975C0}
		{174261FA-AA4A-4328-8302-D7BAFF69CC12} = {81A4EF5C-0C67-4FEA-A1A1-FAED29F975C0}
		{92DE945D-481A-4465-9C37-90749A67806F} = {98F5D56E-D944-4B3F-8FA3-24708023D59C}
		{91DAE3AF-317D-4955-921E-905103B5AD5D} = {81A4EF5C-0C67-4FEA-A1A1-FAED29F975C0}
		{03B09012-F059-4559-BD8F-FF805A8CC965} = {81A4EF5C-0C67-4FEA-A1A1-FAED29F975C0}
	EndGlobalSection
	GlobalSection(ExtensibilityGlobals) = postSolution
		SolutionGuid = {F66A51BB-BD02-49AD-8680-C27706DCE4F2}
	EndGlobalSection
EndGlobal
